{
  "requires": true,
  "lockfileVersion": 1,
  "dependencies": {
    "shaunofthelive-palindrome": {
      "version": "0.1.0",
      "resolved": "https://registry.npmjs.org/shaunofthelive-palindrome/-/shaunofthelive-palindrome-0.1.0.tgz",
      "integrity": "sha512-2+JRN40SgpRTR4V6hTjcaxArqnNU3dbvm2xthhjHYB2Kc+fP/H8Cvp/u4uMwCfihFnckaoCy7ZkPaugCgogmVw=="
    }
  }
}
